{
    "_meta": {
        "hash": {
            "sha256": "2328c938859366772216964a49716009047c1e52f9bcd2b0fa47c8b0c4d38934"
        },
        "pipfile-spec": 6,
        "requires": {
            "python_version": "3.7"
        },
        "sources": [
            {
                "name": "pypi",
                "url": "https://pypi.org/simple",
                "verify_ssl": true
            }
        ]
    },
    "default": {
        "prometheus-client": {
            "hashes": [
                "sha256:1b38b958750f66f208bcd9ab92a633c0c994d8859c831f7abc1f46724fcee490"
            ],
            "version": "==0.6.0"
        },
        "prometheus-metrics": {
            "hashes": [
                "sha256:2e1b38b96a6d21b295373a97df23f61fd019217ee91b6cc6cde6d14b19f5be3c",
                "sha256:d92adc8d350204e723027c4c49467a3dc097ab3c13f44da2c0fa5a53f61698cf"
            ],
            "index": "pypi",
            "version": "==0.1.6.5"
        }
    },
    "develop": {}
}
