{
    "_meta": {
        "hash": {
            "sha256": "2c2a8322e2e50fd143814c40d504a089a18a10ec9fc4bd84963d9a96d8929627"
        },
        "pipfile-spec": 6,
        "requires": {
            "python_version": "3.7"
        },
        "sources": [
            {
                "name": "pypi",
                "url": "https://pypi.org/simple",
                "verify_ssl": true
            }
        ]
    },
    "default": {
        "prometheus-client": {
            "hashes": [
                "sha256:046cb4fffe75e55ff0e6dfd18e2ea16e54d86cc330f369bebcc683475c8b68a9"
            ],
            "index": "pypi",
            "version": "==0.4.2"
        },
        "prometheus-metrics": {
            "hashes": [
                "sha256:208b39a12f203f4c0b744a1f43e5e3b4396d20c3cb0bf9fbb5df64e1494e16d9",
                "sha256:d422031a7329c7387d34c31299682a61352f0454a0f1148f6c65135fe5d552fe"
            ],
            "index": "pypi",
            "version": "==0.1.3"
        }
    },
    "develop": {}
}
